// !$*UTF8*$!
{
	archiveVersion = 1;
	classes = {
	};
	objectVersion = 50;
	objects = {

/* Begin PBXBuildFile section */
		2EA6414D226506CE0019232A /* PersonController.swift in Sources */ = {isa = PBXBuildFile; fileRef = 2EA6414C226506CE0019232A /* PersonController.swift */; };
		2EA641532265123F0019232A /* PersonTableViewController.swift in Sources */ = {isa = PBXBuildFile; fileRef = 2EA641522265123F0019232A /* PersonTableViewController.swift */; };
		2EA641552265125B0019232A /* PersonTableViewCell.swift in Sources */ = {isa = PBXBuildFile; fileRef = 2EA641542265125B0019232A /* PersonTableViewCell.swift */; };
		F75DDDDD2264FFDA007EACA2 /* AppDelegate.swift in Sources */ = {isa = PBXBuildFile; fileRef = F75DDDDC2264FFDA007EACA2 /* AppDelegate.swift */; };
		F75DDDE22264FFDA007EACA2 /* Main.storyboard in Resources */ = {isa = PBXBuildFile; fileRef = F75DDDE02264FFDA007EACA2 /* Main.storyboard */; };
		F75DDDE42264FFDF007EACA2 /* Assets.xcassets in Resources */ = {isa = PBXBuildFile; fileRef = F75DDDE32264FFDF007EACA2 /* Assets.xcassets */; };
		F75DDDE72264FFDF007EACA2 /* LaunchScreen.storyboard in Resources */ = {isa = PBXBuildFile; fileRef = F75DDDE52264FFDF007EACA2 /* LaunchScreen.storyboard */; };
		F75DDDF422650254007EACA2 /* Person.swift in Sources */ = {isa = PBXBuildFile; fileRef = F75DDDF322650254007EACA2 /* Person.swift */; };
		F75DDE0222651E9A007EACA2 /* PersonDetailViewController.swift in Sources */ = {isa = PBXBuildFile; fileRef = F75DDE0122651E9A007EACA2 /* PersonDetailViewController.swift */; };
/* End PBXBuildFile section */

/* Begin PBXFileReference section */
		2EA6414C226506CE0019232A /* PersonController.swift */ = {isa = PBXFileReference; fileEncoding = 4; lastKnownFileType = sourcecode.swift; name = PersonController.swift; path = "Model Controller/PersonController.swift"; sourceTree = SOURCE_ROOT; };
		2EA641522265123F0019232A /* PersonTableViewController.swift */ = {isa = PBXFileReference; lastKnownFileType = sourcecode.swift; path = PersonTableViewController.swift; sourceTree = "<group>"; };
		2EA641542265125B0019232A /* PersonTableViewCell.swift */ = {isa = PBXFileReference; lastKnownFileType = sourcecode.swift; path = PersonTableViewCell.swift; sourceTree = "<group>"; };
		F75DDDD92264FFDA007EACA2 /* MeetTheDreamTeam.app */ = {isa = PBXFileReference; explicitFileType = wrapper.application; includeInIndex = 0; path = MeetTheDreamTeam.app; sourceTree = BUILT_PRODUCTS_DIR; };
		F75DDDDC2264FFDA007EACA2 /* AppDelegate.swift */ = {isa = PBXFileReference; lastKnownFileType = sourcecode.swift; path = AppDelegate.swift; sourceTree = "<group>"; };
		F75DDDE12264FFDA007EACA2 /* Base */ = {isa = PBXFileReference; lastKnownFileType = file.storyboard; name = Base; path = Base.lproj/Main.storyboard; sourceTree = "<group>"; };
		F75DDDE32264FFDF007EACA2 /* Assets.xcassets */ = {isa = PBXFileReference; lastKnownFileType = folder.assetcatalog; path = Assets.xcassets; sourceTree = "<group>"; };
		F75DDDE62264FFDF007EACA2 /* Base */ = {isa = PBXFileReference; lastKnownFileType = file.storyboard; name = Base; path = Base.lproj/LaunchScreen.storyboard; sourceTree = "<group>"; };
		F75DDDE82264FFDF007EACA2 /* Info.plist */ = {isa = PBXFileReference; lastKnownFileType = text.plist.xml; path = Info.plist; sourceTree = "<group>"; };
		F75DDDF322650254007EACA2 /* Person.swift */ = {isa = PBXFileReference; lastKnownFileType = sourcecode.swift; path = Person.swift; sourceTree = "<group>"; };
		F75DDE0122651E9A007EACA2 /* PersonDetailViewController.swift */ = {isa = PBXFileReference; lastKnownFileType = sourcecode.swift; path = PersonDetailViewController.swift; sourceTree = "<group>"; };
/* End PBXFileReference section */

/* Begin PBXFrameworksBuildPhase section */
		F75DDDD62264FFDA007EACA2 /* Frameworks */ = {
			isa = PBXFrameworksBuildPhase;
			buildActionMask = 2147483647;
			files = (
			);
			runOnlyForDeploymentPostprocessing = 0;
		};
/* End PBXFrameworksBuildPhase section */

/* Begin PBXGroup section */
		F75DDDD02264FFDA007EACA2 = {
			isa = PBXGroup;
			children = (
				F75DDDDB2264FFDA007EACA2 /* MeetTheDreamTeam */,
				F75DDDDA2264FFDA007EACA2 /* Products */,
			);
			sourceTree = "<group>";
		};
		F75DDDDA2264FFDA007EACA2 /* Products */ = {
			isa = PBXGroup;
			children = (
				F75DDDD92264FFDA007EACA2 /* MeetTheDreamTeam.app */,
			);
			name = Products;
			sourceTree = "<group>";
		};
		F75DDDDB2264FFDA007EACA2 /* MeetTheDreamTeam */ = {
			isa = PBXGroup;
			children = (
				F75DDDF122650019007EACA2 /* View Controllers */,
				F75DDDF022650015007EACA2 /* Models */,
				F75DDDEF2265000B007EACA2 /* Storyboards */,
				F75DDDEE2264FFFD007EACA2 /* Resources */,
				2EA641542265125B0019232A /* PersonTableViewCell.swift */,
				2EA641522265123F0019232A /* PersonTableViewController.swift */,
				F75DDE0122651E9A007EACA2 /* PersonDetailViewController.swift */,
			);
			path = MeetTheDreamTeam;
			sourceTree = "<group>";
		};
		F75DDDEE2264FFFD007EACA2 /* Resources */ = {
			isa = PBXGroup;
			children = (
				F75DDDDC2264FFDA007EACA2 /* AppDelegate.swift */,
				F75DDDE32264FFDF007EACA2 /* Assets.xcassets */,
				F75DDDE52264FFDF007EACA2 /* LaunchScreen.storyboard */,
				F75DDDE82264FFDF007EACA2 /* Info.plist */,
			);
			path = Resources;
			sourceTree = "<group>";
		};
		F75DDDEF2265000B007EACA2 /* Storyboards */ = {
			isa = PBXGroup;
			children = (
				F75DDDE02264FFDA007EACA2 /* Main.storyboard */,
			);
			path = Storyboards;
			sourceTree = "<group>";
		};
		F75DDDF022650015007EACA2 /* Models */ = {
			isa = PBXGroup;
			children = (
				F75DDDF322650254007EACA2 /* Person.swift */,
			);
			path = Models;
			sourceTree = "<group>";
		};
		F75DDDF122650019007EACA2 /* View Controllers */ = {
			isa = PBXGroup;
			children = (
				F75DDDF22265001C007EACA2 /* Model Controller */,
			);
			path = "View Controllers";
			sourceTree = "<group>";
		};
		F75DDDF22265001C007EACA2 /* Model Controller */ = {
			isa = PBXGroup;
			children = (
				2EA6414C226506CE0019232A /* PersonController.swift */,
			);
			path = "Model Controller";
			sourceTree = "<group>";
		};
/* End PBXGroup section */

/* Begin PBXNativeTarget section */
		F75DDDD82264FFDA007EACA2 /* MeetTheDreamTeam */ = {
			isa = PBXNativeTarget;
			buildConfigurationList = F75DDDEB2264FFDF007EACA2 /* Build configuration list for PBXNativeTarget "MeetTheDreamTeam" */;
			buildPhases = (
				F75DDDD52264FFDA007EACA2 /* Sources */,
				F75DDDD62264FFDA007EACA2 /* Frameworks */,
				F75DDDD72264FFDA007EACA2 /* Resources */,
			);
			buildRules = (
			);
			dependencies = (
			);
			name = MeetTheDreamTeam;
			productName = MeetTheDreamTeam;
			productReference = F75DDDD92264FFDA007EACA2 /* MeetTheDreamTeam.app */;
			productType = "com.apple.product-type.application";
		};
/* End PBXNativeTarget section */

/* Begin PBXProject section */
		F75DDDD12264FFDA007EACA2 /* Project object */ = {
			isa = PBXProject;
			attributes = {
				LastSwiftUpdateCheck = 1020;
				LastUpgradeCheck = 1020;
				ORGANIZATIONNAME = "Rund LLC";
				TargetAttributes = {
					F75DDDD82264FFDA007EACA2 = {
						CreatedOnToolsVersion = 10.2;
					};
				};
			};
			buildConfigurationList = F75DDDD42264FFDA007EACA2 /* Build configuration list for PBXProject "MeetTheDreamTeam" */;
			compatibilityVersion = "Xcode 9.3";
			developmentRegion = en;
			hasScannedForEncodings = 0;
			knownRegions = (
				en,
				Base,
			);
			mainGroup = F75DDDD02264FFDA007EACA2;
			productRefGroup = F75DDDDA2264FFDA007EACA2 /* Products */;
			projectDirPath = "";
			projectRoot = "";
			targets = (
				F75DDDD82264FFDA007EACA2 /* MeetTheDreamTeam */,
			);
		};
/* End PBXProject section */

/* Begin PBXResourcesBuildPhase section */
		F75DDDD72264FFDA007EACA2 /* Resources */ = {
			isa = PBXResourcesBuildPhase;
			buildActionMask = 2147483647;
			files = (
				F75DDDE72264FFDF007EACA2 /* LaunchScreen.storyboard in Resources */,
				F75DDDE42264FFDF007EACA2 /* Assets.xcassets in Resources */,
				F75DDDE22264FFDA007EACA2 /* Main.storyboard in Resources */,
			);
			runOnlyForDeploymentPostprocessing = 0;
		};
/* End PBXResourcesBuildPhase section */

/* Begin PBXSourcesBuildPhase section */
		F75DDDD52264FFDA007EACA2 /* Sources */ = {
			isa = PBXSourcesBuildPhase;
			buildActionMask = 2147483647;
			files = (
				F75DDE0222651E9A007EACA2 /* PersonDetailViewController.swift in Sources */,
				F75DDDF422650254007EACA2 /* Person.swift in Sources */,
				2EA641532265123F0019232A /* PersonTableViewController.swift in Sources */,
				2EA6414D226506CE0019232A /* PersonController.swift in Sources */,
				F75DDDDD2264FFDA007EACA2 /* AppDelegate.swift in Sources */,
				2EA641552265125B0019232A /* PersonTableViewCell.swift in Sources */,
			);
			runOnlyForDeploymentPostprocessing = 0;
		};
/* End PBXSourcesBuildPhase section */

/* Begin PBXVariantGroup section */
		F75DDDE02264FFDA007EACA2 /* Main.storyboard */ = {
			isa = PBXVariantGroup;
			children = (
				F75DDDE12264FFDA007EACA2 /* Base */,
			);
			name = Main.storyboard;
			sourceTree = "<group>";
		};
		F75DDDE52264FFDF007EACA2 /* LaunchScreen.storyboard */ = {
			isa = PBXVariantGroup;
			children = (
				F75DDDE62264FFDF007EACA2 /* Base */,
			);
			name = LaunchScreen.storyboard;
			sourceTree = "<group>";
		};
/* End PBXVariantGroup section */

/* Begin XCBuildConfiguration section */
		F75DDDE92264FFDF007EACA2 /* Debug */ = {
			isa = XCBuildConfiguration;
			buildSettings = {
				ALWAYS_SEARCH_USER_PATHS = NO;
				CLANG_ANALYZER_NONNULL = YES;
				CLANG_ANALYZER_NUMBER_OBJECT_CONVERSION = YES_AGGRESSIVE;
				CLANG_CXX_LANGUAGE_STANDARD = "gnu++14";
				CLANG_CXX_LIBRARY = "libc++";
				CLANG_ENABLE_MODULES = YES;
				CLANG_ENABLE_OBJC_ARC = YES;
				CLANG_ENABLE_OBJC_WEAK = YES;
				CLANG_WARN_BLOCK_CAPTURE_AUTORELEASING = YES;
				CLANG_WARN_BOOL_CONVERSION = YES;
				CLANG_WARN_COMMA = YES;
				CLANG_WARN_CONSTANT_CONVERSION = YES;
				CLANG_WARN_DEPRECATED_OBJC_IMPLEMENTATIONS = YES;
				CLANG_WARN_DIRECT_OBJC_ISA_USAGE = YES_ERROR;
				CLANG_WARN_DOCUMENTATION_COMMENTS = YES;
				CLANG_WARN_EMPTY_BODY = YES;
				CLANG_WARN_ENUM_CONVERSION = YES;
				CLANG_WARN_INFINITE_RECURSION = YES;
				CLANG_WARN_INT_CONVERSION = YES;
				CLANG_WARN_NON_LITERAL_NULL_CONVERSION = YES;
				CLANG_WARN_OBJC_IMPLICIT_RETAIN_SELF = YES;
				CLANG_WARN_OBJC_LITERAL_CONVERSION = YES;
				CLANG_WARN_OBJC_ROOT_CLASS = YES_ERROR;
				CLANG_WARN_RANGE_LOOP_ANALYSIS = YES;
				CLANG_WARN_STRICT_PROTOTYPES = YES;
				CLANG_WARN_SUSPICIOUS_MOVE = YES;
				CLANG_WARN_UNGUARDED_AVAILABILITY = YES_AGGRESSIVE;
				CLANG_WARN_UNREACHABLE_CODE = YES;
				CLANG_WARN__DUPLICATE_METHOD_MATCH = YES;
				CODE_SIGN_IDENTITY = "iPhone Developer";
				COPY_PHASE_STRIP = NO;
				DEBUG_INFORMATION_FORMAT = dwarf;
				ENABLE_STRICT_OBJC_MSGSEND = YES;
				ENABLE_TESTABILITY = YES;
				GCC_C_LANGUAGE_STANDARD = gnu11;
				GCC_DYNAMIC_NO_PIC = NO;
				GCC_NO_COMMON_BLOCKS = YES;
				GCC_OPTIMIZATION_LEVEL = 0;
				GCC_PREPROCESSOR_DEFINITIONS = (
					"DEBUG=1",
					"$(inherited)",
				);
				GCC_WARN_64_TO_32_BIT_CONVERSION = YES;
				GCC_WARN_ABOUT_RETURN_TYPE = YES_ERROR;
				GCC_WARN_UNDECLARED_SELECTOR = YES;
				GCC_WARN_UNINITIALIZED_AUTOS = YES_AGGRESSIVE;
				GCC_WARN_UNUSED_FUNCTION = YES;
				GCC_WARN_UNUSED_VARIABLE = YES;
				IPHONEOS_DEPLOYMENT_TARGET = 12.2;
				MTL_ENABLE_DEBUG_INFO = INCLUDE_SOURCE;
				MTL_FAST_MATH = YES;
				ONLY_ACTIVE_ARCH = YES;
				SDKROOT = iphoneos;
				SWIFT_ACTIVE_COMPILATION_CONDITIONS = DEBUG;
				SWIFT_OPTIMIZATION_LEVEL = "-Onone";
			};
			name = Debug;
		};
		F75DDDEA2264FFDF007EACA2 /* Release */ = {
			isa = XCBuildConfiguration;
			buildSettings = {
				ALWAYS_SEARCH_USER_PATHS = NO;
				CLANG_ANALYZER_NONNULL = YES;
				CLANG_ANALYZER_NUMBER_OBJECT_CONVERSION = YES_AGGRESSIVE;
				CLANG_CXX_LANGUAGE_STANDARD = "gnu++14";
				CLANG_CXX_LIBRARY = "libc++";
				CLANG_ENABLE_MODULES = YES;
				CLANG_ENABLE_OBJC_ARC = YES;
				CLANG_ENABLE_OBJC_WEAK = YES;
				CLANG_WARN_BLOCK_CAPTURE_AUTORELEASING = YES;
				CLANG_WARN_BOOL_CONVERSION = YES;
				CLANG_WARN_COMMA = YES;
				CLANG_WARN_CONSTANT_CONVERSION = YES;
				CLANG_WARN_DEPRECATED_OBJC_IMPLEMENTATIONS = YES;
				CLANG_WARN_DIRECT_OBJC_ISA_USAGE = YES_ERROR;
				CLANG_WARN_DOCUMENTATION_COMMENTS = YES;
				CLANG_WARN_EMPTY_BODY = YES;
				CLANG_WARN_ENUM_CONVERSION = YES;
				CLANG_WARN_INFINITE_RECURSION = YES;
				CLANG_WARN_INT_CONVERSION = YES;
				CLANG_WARN_NON_LITERAL_NULL_CONVERSION = YES;
				CLANG_WARN_OBJC_IMPLICIT_RETAIN_SELF = YES;
				CLANG_WARN_OBJC_LITERAL_CONVERSION = YES;
				CLANG_WARN_OBJC_ROOT_CLASS = YES_ERROR;
				CLANG_WARN_RANGE_LOOP_ANALYSIS = YES;
				CLANG_WARN_STRICT_PROTOTYPES = YES;
				CLANG_WARN_SUSPICIOUS_MOVE = YES;
				CLANG_WARN_UNGUARDED_AVAILABILITY = YES_AGGRESSIVE;
				CLANG_WARN_UNREACHABLE_CODE = YES;
				CLANG_WARN__DUPLICATE_METHOD_MATCH = YES;
				CODE_SIGN_IDENTITY = "iPhone Developer";
				COPY_PHASE_STRIP = NO;
				DEBUG_INFORMATION_FORMAT = "dwarf-with-dsym";
				ENABLE_NS_ASSERTIONS = NO;
				ENABLE_STRICT_OBJC_MSGSEND = YES;
				GCC_C_LANGUAGE_STANDARD = gnu11;
				GCC_NO_COMMON_BLOCKS = YES;
				GCC_WARN_64_TO_32_BIT_CONVERSION = YES;
				GCC_WARN_ABOUT_RETURN_TYPE = YES_ERROR;
				GCC_WARN_UNDECLARED_SELECTOR = YES;
				GCC_WARN_UNINITIALIZED_AUTOS = YES_AGGRESSIVE;
				GCC_WARN_UNUSED_FUNCTION = YES;
				GCC_WARN_UNUSED_VARIABLE = YES;
				IPHONEOS_DEPLOYMENT_TARGET = 12.2;
				MTL_ENABLE_DEBUG_INFO = NO;
				MTL_FAST_MATH = YES;
				SDKROOT = iphoneos;
				SWIFT_COMPILATION_MODE = wholemodule;
				SWIFT_OPTIMIZATION_LEVEL = "-O";
				VALIDATE_PRODUCT = YES;
			};
			name = Release;
		};
		F75DDDEC2264FFDF007EACA2 /* Debug */ = {
			isa = XCBuildConfiguration;
			buildSettings = {
				ASSETCATALOG_COMPILER_APPICON_NAME = AppIcon;
				CODE_SIGN_STYLE = Automatic;
				DEVELOPMENT_TEAM = Q89A379BUF;
				INFOPLIST_FILE = "$(SRCROOT)/MeetTheDreamTeam/Resources/Info.plist";
				IPHONEOS_DEPLOYMENT_TARGET = 12.1;
				LD_RUNPATH_SEARCH_PATHS = (
					"$(inherited)",
					"@executable_path/Frameworks",
				);
				PRODUCT_BUNDLE_IDENTIFIER = "Erich-Kumpunen.MeetTheDreamTeam";
				PRODUCT_NAME = "$(TARGET_NAME)";
				SWIFT_VERSION = 4.2;
				TARGETED_DEVICE_FAMILY = "1,2";
			};
			name = Debug;
		};
		F75DDDED2264FFDF007EACA2 /* Release */ = {
			isa = XCBuildConfiguration;
			buildSettings = {
				ASSETCATALOG_COMPILER_APPICON_NAME = AppIcon;
				CODE_SIGN_STYLE = Automatic;
				DEVELOPMENT_TEAM = Q89A379BUF;
				INFOPLIST_FILE = "$(SRCROOT)/MeetTheDreamTeam/Resources/Info.plist";
				IPHONEOS_DEPLOYMENT_TARGET = 12.1;
				LD_RUNPATH_SEARCH_PATHS = (
					"$(inherited)",
					"@executable_path/Frameworks",
				);
				PRODUCT_BUNDLE_IDENTIFIER = "Erich-Kumpunen.MeetTheDreamTeam";
				PRODUCT_NAME = "$(TARGET_NAME)";
				SWIFT_VERSION = 4.2;
				TARGETED_DEVICE_FAMILY = "1,2";
			};
			name = Release;
		};
/* End XCBuildConfiguration section */

/* Begin XCConfigurationList section */
		F75DDDD42264FFDA007EACA2 /* Build configuration list for PBXProject "MeetTheDreamTeam" */ = {
			isa = XCConfigurationList;
			buildConfigurations = (
				F75DDDE92264FFDF007EACA2 /* Debug */,
				F75DDDEA2264FFDF007EACA2 /* Release */,
			);
			defaultConfigurationIsVisible = 0;
			defaultConfigurationName = Release;
		};
		F75DDDEB2264FFDF007EACA2 /* Build configuration list for PBXNativeTarget "MeetTheDreamTeam" */ = {
			isa = XCConfigurationList;
			buildConfigurations = (
				F75DDDEC2264FFDF007EACA2 /* Debug */,
				F75DDDED2264FFDF007EACA2 /* Release */,
			);
			defaultConfigurationIsVisible = 0;
			defaultConfigurationName = Release;
		};
/* End XCConfigurationList section */
	};
	rootObject = F75DDDD12264FFDA007EACA2 /* Project object */;
}
